# This file is automatically @generated by Cargo.
# It is not intended for manual editing.
version = 4

[[package]]
name = "sotos-common"
version = "0.1.0"

[[package]]
name = "sotos-net"
version = "0.1.0"

[[package]]
name = "sotos-net-svc"
version = "0.1.0"
dependencies = [
 "sotos-common",
 "sotos-net",
 "sotos-pci",
 "sotos-virtio",
]

[[package]]
name = "sotos-pci"
version = "0.1.0"
dependencies = [
 "sotos-common",
]

[[package]]
name = "sotos-virtio"
version = "0.1.0"
dependencies = [
 "sotos-common",
 "sotos-pci",
]
