# This file is automatically @generated by Cargo.
# It is not intended for manual editing.
version = 4

[[package]]
name = "bitflags"
version = "2.11.0"
source = "registry+https://github.com/rust-lang/crates.io-index"
checksum = "843867be96c8daad0d758b57df9392b6d8d271134fce549de6ce169ff98a92af"

[[package]]
name = "linux-raw-sys"
version = "0.4.15"
source = "registry+https://github.com/rust-lang/crates.io-index"
checksum = "d26c52dbd32dccf2d10cac7725f8eae5296885fb5703b261f7d0a0739ec807ab"

[[package]]
name = "sotos-common"
version = "0.1.0"
dependencies = [
 "bitflags",
 "linux-raw-sys",
]

[[package]]
name = "sotos-sot-pkg"
version = "0.1.0"
dependencies = [
 "sotos-common",
]
