# This file is automatically @generated by Cargo.
# It is not intended for manual editing.
version = 4

[[package]]
name = "sotos-common"
version = "0.1.0"

[[package]]
name = "sotos-init"
version = "0.1.0"
dependencies = [
 "sotos-common",
 "sotos-ld",
 "sotos-objstore",
 "sotos-pci",
 "sotos-virtio",
]

[[package]]
name = "sotos-ld"
version = "0.1.0"
dependencies = [
 "sotos-common",
]

[[package]]
name = "sotos-objstore"
version = "0.1.0"
dependencies = [
 "sotos-common",
 "sotos-pci",
 "sotos-virtio",
]

[[package]]
name = "sotos-pci"
version = "0.1.0"
dependencies = [
 "sotos-common",
]

[[package]]
name = "sotos-virtio"
version = "0.1.0"
dependencies = [
 "sotos-common",
 "sotos-pci",
]
